
Microsoft Visual Studio Solution File, Format Version 12.00
# Visual Studio 2013
VisualStudioVersion = 12.0.40629.0
MinimumVisualStudioVersion = 10.0.40219.1
Project("{FAE04EC0-301F-11D3-BF4B-00C04F79EFBC}") = "FirstAppFrameworkApplicationEntities", "FirstAppFrameworkApplication\FirstAppFrameworkApplicationEntities\FirstAppFrameworkApplicationEntities.csproj", "{C752C9B3-0EBD-4CB4-966C-C977A2862C89}"
EndProject
Project("{FAE04EC0-301F-11D3-BF4B-00C04F79EFBC}") = "FirstAppFrameworkApplication", "FirstAppFrameworkApplication\FirstAppFrameworkApplication\FirstAppFrameworkApplication.csproj", "{2D1268E9-9A37-435B-9783-48C0EA5B7716}"
EndProject
Project("{FAE04EC0-301F-11D3-BF4B-00C04F79EFBC}") = "TCP_Client", "ClassLibrary1\TCP_Client.csproj", "{4A8FBF4D-4DB0-47F1-B6A5-CD7D9F0AD9E3}"
EndProject
Project("{FAE04EC0-301F-11D3-BF4B-00C04F79EFBC}") = "TCP_Server", "TCP_Socket\TCP_Server.csproj", "{89D7C5B9-8A84-4DEE-8FE1-F0C87F27A36B}"
EndProject
Project("{FAE04EC0-301F-11D3-BF4B-00C04F79EFBC}") = "DbConnect", "DbConnect\DbConnect.csproj", "{3AC458AB-72B7-4B3D-83C3-B7FBDF0963B6}"
EndProject
Project("{FAE04EC0-301F-11D3-BF4B-00C04F79EFBC}") = "StartUpApp", "StartUpApp\StartUpApp.csproj", "{689F220C-96A6-4095-B076-6C9787955F9B}"
EndProject
Global
	GlobalSection(SolutionConfigurationPlatforms) = preSolution
		Debug|Any CPU = Debug|Any CPU
		Release|Any CPU = Release|Any CPU
	EndGlobalSection
	GlobalSection(ProjectConfigurationPlatforms) = postSolution
		{C752C9B3-0EBD-4CB4-966C-C977A2862C89}.Debug|Any CPU.ActiveCfg = Debug|Any CPU
		{C752C9B3-0EBD-4CB4-966C-C977A2862C89}.Debug|Any CPU.Build.0 = Debug|Any CPU
		{C752C9B3-0EBD-4CB4-966C-C977A2862C89}.Release|Any CPU.ActiveCfg = Release|Any CPU
		{C752C9B3-0EBD-4CB4-966C-C977A2862C89}.Release|Any CPU.Build.0 = Release|Any CPU
		{2D1268E9-9A37-435B-9783-48C0EA5B7716}.Debug|Any CPU.ActiveCfg = Debug|Any CPU
		{2D1268E9-9A37-435B-9783-48C0EA5B7716}.Debug|Any CPU.Build.0 = Debug|Any CPU
		{2D1268E9-9A37-435B-9783-48C0EA5B7716}.Release|Any CPU.ActiveCfg = Release|Any CPU
		{2D1268E9-9A37-435B-9783-48C0EA5B7716}.Release|Any CPU.Build.0 = Release|Any CPU
		{4A8FBF4D-4DB0-47F1-B6A5-CD7D9F0AD9E3}.Debug|Any CPU.ActiveCfg = Debug|Any CPU
		{4A8FBF4D-4DB0-47F1-B6A5-CD7D9F0AD9E3}.Debug|Any CPU.Build.0 = Debug|Any CPU
		{4A8FBF4D-4DB0-47F1-B6A5-CD7D9F0AD9E3}.Release|Any CPU.ActiveCfg = Release|Any CPU
		{4A8FBF4D-4DB0-47F1-B6A5-CD7D9F0AD9E3}.Release|Any CPU.Build.0 = Release|Any CPU
		{89D7C5B9-8A84-4DEE-8FE1-F0C87F27A36B}.Debug|Any CPU.ActiveCfg = Debug|Any CPU
		{89D7C5B9-8A84-4DEE-8FE1-F0C87F27A36B}.Debug|Any CPU.Build.0 = Debug|Any CPU
		{89D7C5B9-8A84-4DEE-8FE1-F0C87F27A36B}.Release|Any CPU.ActiveCfg = Release|Any CPU
		{89D7C5B9-8A84-4DEE-8FE1-F0C87F27A36B}.Release|Any CPU.Build.0 = Release|Any CPU
		{3AC458AB-72B7-4B3D-83C3-B7FBDF0963B6}.Debug|Any CPU.ActiveCfg = Debug|Any CPU
		{3AC458AB-72B7-4B3D-83C3-B7FBDF0963B6}.Debug|Any CPU.Build.0 = Debug|Any CPU
		{3AC458AB-72B7-4B3D-83C3-B7FBDF0963B6}.Release|Any CPU.ActiveCfg = Release|Any CPU
		{3AC458AB-72B7-4B3D-83C3-B7FBDF0963B6}.Release|Any CPU.Build.0 = Release|Any CPU
		{689F220C-96A6-4095-B076-6C9787955F9B}.Debug|Any CPU.ActiveCfg = Debug|Any CPU
		{689F220C-96A6-4095-B076-6C9787955F9B}.Debug|Any CPU.Build.0 = Debug|Any CPU
		{689F220C-96A6-4095-B076-6C9787955F9B}.Release|Any CPU.ActiveCfg = Release|Any CPU
		{689F220C-96A6-4095-B076-6C9787955F9B}.Release|Any CPU.Build.0 = Release|Any CPU
	EndGlobalSection
	GlobalSection(SolutionProperties) = preSolution
		HideSolutionNode = FALSE
	EndGlobalSection
EndGlobal
